Microsoft Visual Studio Solution File, Format Version 12.00
# Visual Studio Version 17
VisualStudioVersion = 17.11.35312.102
MinimumVisualStudioVersion = 10.0.40219.1
Project("{9A19103F-16F7-4668-BE54-9A1E7A4F7556}") = "ThanaweyaAmma.App", "src\ThanaweyaAmma.App\ThanaweyaAmma.App.csproj", "{8A7C2E41-9B3F-4D12-A1E8-6C4F9B2D7E01}"
EndProject
Project("{9A19103F-16F7-4668-BE54-9A1E7A4F7556}") = "ThanaweyaAmma.Tests", "tests\ThanaweyaAmma.Tests\ThanaweyaAmma.Tests.csproj", "{4B6F3E22-8A1C-4E90-B882-9D3E7C1F2B04}"
EndProject
Global
	GlobalSection(SolutionConfigurationPlatforms) = preSolution
		Debug|Any CPU = Debug|Any CPU
		Release|Any CPU = Release|Any CPU
	EndGlobalSection
	GlobalSection(ProjectConfigurationPlatforms) = postSolution
		{8A7C2E41-9B3F-4D12-A1E8-6C4F9B2D7E01}.Debug|Any CPU.ActiveCfg = Debug|Any CPU
		{8A7C2E41-9B3F-4D12-A1E8-6C4F9B2D7E01}.Debug|Any CPU.Build.0 = Debug|Any CPU
		{8A7C2E41-9B3F-4D12-A1E8-6C4F9B2D7E01}.Release|Any CPU.ActiveCfg = Release|Any CPU
		{8A7C2E41-9B3F-4D12-A1E8-6C4F9B2D7E01}.Release|Any CPU.Build.0 = Release|Any CPU
		{4B6F3E22-8A1C-4E90-B882-9D3E7C1F2B04}.Debug|Any CPU.ActiveCfg = Debug|Any CPU
		{4B6F3E22-8A1C-4E90-B882-9D3E7C1F2B04}.Debug|Any CPU.Build.0 = Debug|Any CPU
		{4B6F3E22-8A1C-4E90-B882-9D3E7C1F2B04}.Release|Any CPU.ActiveCfg = Release|Any CPU
		{4B6F3E22-8A1C-4E90-B882-9D3E7C1F2B04}.Release|Any CPU.Build.0 = Release|Any CPU
	EndGlobalSection
	GlobalSection(SolutionProperties) = preSolution
		HideSolutionNode = FALSE
	EndGlobalSection
EndGlobal
